
Microsoft Visual Studio Solution File, Format Version 12.00
# Visual Studio 14
VisualStudioVersion = 14.0.25420.1
MinimumVisualStudioVersion = 10.0.40219.1
Project("{8BB2217D-0F2D-49D1-97BC-3654ED321F3B}") = "Decore", "src\Decore\Decore.xproj", "{D1AB3075-F89F-4689-A444-0FE254D7D07A}"
EndProject
Project("{8BB2217D-0F2D-49D1-97BC-3654ED321F3B}") = "Decore.Tests", "tests\Decore.Tests\Decore.Tests.xproj", "{3B961E9C-3D6B-4A1D-A06D-A98D93439F51}"
EndProject
Project("{2150E333-8FDC-42A3-9474-1A3956D46DE8}") = "Solution Items", "Solution Items", "{25C4884F-7B3D-4461-9825-1059F957EADD}"
	ProjectSection(SolutionItems) = preProject
		global.json = global.json
	EndProjectSection
EndProject
Global
	GlobalSection(SolutionConfigurationPlatforms) = preSolution
		Debug|Any CPU = Debug|Any CPU
		Release|Any CPU = Release|Any CPU
	EndGlobalSection
	GlobalSection(ProjectConfigurationPlatforms) = postSolution
		{D1AB3075-F89F-4689-A444-0FE254D7D07A}.Debug|Any CPU.ActiveCfg = Debug|Any CPU
		{D1AB3075-F89F-4689-A444-0FE254D7D07A}.Debug|Any CPU.Build.0 = Debug|Any CPU
		{D1AB3075-F89F-4689-A444-0FE254D7D07A}.Release|Any CPU.ActiveCfg = Release|Any CPU
		{D1AB3075-F89F-4689-A444-0FE254D7D07A}.Release|Any CPU.Build.0 = Release|Any CPU
		{3B961E9C-3D6B-4A1D-A06D-A98D93439F51}.Debug|Any CPU.ActiveCfg = Debug|Any CPU
		{3B961E9C-3D6B-4A1D-A06D-A98D93439F51}.Debug|Any CPU.Build.0 = Debug|Any CPU
		{3B961E9C-3D6B-4A1D-A06D-A98D93439F51}.Release|Any CPU.ActiveCfg = Release|Any CPU
		{3B961E9C-3D6B-4A1D-A06D-A98D93439F51}.Release|Any CPU.Build.0 = Release|Any CPU
	EndGlobalSection
	GlobalSection(SolutionProperties) = preSolution
		HideSolutionNode = FALSE
	EndGlobalSection
EndGlobal
